
Microsoft Visual Studio Solution File, Format Version 12.00
# Visual Studio 15
VisualStudioVersion = 15.0.26228.12
MinimumVisualStudioVersion = 10.0.40219.1
Project("{FAE04EC0-301F-11D3-BF4B-00C04F79EFBC}") = "RCCM", "RCCM\RCCM.csproj", "{DC35C20E-6743-4245-991F-2EBB41D15DC4}"
EndProject
Project("{FAE04EC0-301F-11D3-BF4B-00C04F79EFBC}") = "RepeatabilityTest", "RepeatabilityTest\RepeatabilityTest\RepeatabilityTest.csproj", "{CCA3250D-023B-4FE4-BF03-6B74B66E4577}"
EndProject
Global
	GlobalSection(SolutionConfigurationPlatforms) = preSolution
		Debug|Any CPU = Debug|Any CPU
		Debug|x64 = Debug|x64
		Release|Any CPU = Release|Any CPU
		Release|x64 = Release|x64
	EndGlobalSection
	GlobalSection(ProjectConfigurationPlatforms) = postSolution
		{DC35C20E-6743-4245-991F-2EBB41D15DC4}.Debug|Any CPU.ActiveCfg = Debug|Any CPU
		{DC35C20E-6743-4245-991F-2EBB41D15DC4}.Debug|Any CPU.Build.0 = Debug|Any CPU
		{DC35C20E-6743-4245-991F-2EBB41D15DC4}.Debug|x64.ActiveCfg = Debug|x64
		{DC35C20E-6743-4245-991F-2EBB41D15DC4}.Debug|x64.Build.0 = Debug|x64
		{DC35C20E-6743-4245-991F-2EBB41D15DC4}.Release|Any CPU.ActiveCfg = Release|Any CPU
		{DC35C20E-6743-4245-991F-2EBB41D15DC4}.Release|Any CPU.Build.0 = Release|Any CPU
		{DC35C20E-6743-4245-991F-2EBB41D15DC4}.Release|x64.ActiveCfg = Release|x64
		{DC35C20E-6743-4245-991F-2EBB41D15DC4}.Release|x64.Build.0 = Release|x64
		{CCA3250D-023B-4FE4-BF03-6B74B66E4577}.Debug|Any CPU.ActiveCfg = Debug|Any CPU
		{CCA3250D-023B-4FE4-BF03-6B74B66E4577}.Debug|Any CPU.Build.0 = Debug|Any CPU
		{CCA3250D-023B-4FE4-BF03-6B74B66E4577}.Debug|x64.ActiveCfg = Debug|Any CPU
		{CCA3250D-023B-4FE4-BF03-6B74B66E4577}.Debug|x64.Build.0 = Debug|Any CPU
		{CCA3250D-023B-4FE4-BF03-6B74B66E4577}.Release|Any CPU.ActiveCfg = Release|Any CPU
		{CCA3250D-023B-4FE4-BF03-6B74B66E4577}.Release|Any CPU.Build.0 = Release|Any CPU
		{CCA3250D-023B-4FE4-BF03-6B74B66E4577}.Release|x64.ActiveCfg = Release|Any CPU
		{CCA3250D-023B-4FE4-BF03-6B74B66E4577}.Release|x64.Build.0 = Release|Any CPU
	EndGlobalSection
	GlobalSection(SolutionProperties) = preSolution
		HideSolutionNode = FALSE
	EndGlobalSection
EndGlobal
